# THIS IS AN AUTOGENERATED FILE. DO NOT EDIT THIS FILE DIRECTLY.
# yarn lockfile v1


formidable-serverless@^1.1.1:
  version "1.1.1"
  resolved "https://registry.yarnpkg.com/formidable-serverless/-/formidable-serverless-1.1.1.tgz#2b668d6e92d5222794a48ed485bcf7cd47efebfb"
  integrity sha512-IUVI2m7d46YnWRZ9RG+wvmLoX0tTrk9P6oFc53QVjM9k0XhqzeyjwDi05PLvpGNKbyLvB3gfsAc+Lk6efM3FGQ==
  dependencies:
    formidable "^1.2.2"

formidable@^1.2.2:
  version "1.2.6"
  resolved "https://registry.yarnpkg.com/formidable/-/formidable-1.2.6.tgz#d2a51d60162bbc9b4a055d8457a7c75315d1a168"
  integrity sha512-KcpbcpuLNOwrEjnbpMC0gS+X8ciDoZE1kkqzat4a8vrprf+s9pKNQ/QIwWfbfs4ltgmFl3MD177SNTkve3BwGQ==
